
Microsoft Visual Studio Solution File, Format Version 12.00
# Visual Studio 2013
VisualStudioVersion = 12.0.31101.0
MinimumVisualStudioVersion = 10.0.40219.1
Project("{8BC9CEB8-8B4A-11D0-8D11-00A0C91BC942}") = "Library0", "Library0\Library0.vcxproj", "{869A4848-92EC-4D89-B4D7-B220E5E5289A}"
EndProject
Global
	GlobalSection(SolutionConfigurationPlatforms) = preSolution
		Debug|Win32 = Debug|Win32
		Release|Win32 = Release|Win32
	EndGlobalSection
	GlobalSection(ProjectConfigurationPlatforms) = postSolution
		{869A4848-92EC-4D89-B4D7-B220E5E5289A}.Debug|Win32.ActiveCfg = Debug|Win32
		{869A4848-92EC-4D89-B4D7-B220E5E5289A}.Debug|Win32.Build.0 = Debug|Win32
		{869A4848-92EC-4D89-B4D7-B220E5E5289A}.Release|Win32.ActiveCfg = Release|Win32
		{869A4848-92EC-4D89-B4D7-B220E5E5289A}.Release|Win32.Build.0 = Release|Win32
	EndGlobalSection
	GlobalSection(SolutionProperties) = preSolution
		HideSolutionNode = FALSE
	EndGlobalSection
EndGlobal
